Microsoft Visual Studio Solution File, Format Version 12.00
# Visual Studio Version 17
VisualStudioVersion = 17.0.31903.59
MinimumVisualStudioVersion = 10.0.40219.1
Project("{FAE04EC0-301F-11D3-BF4B-00C04F79EFBC}") = "FocusForge.App", "src\FocusForge.App\FocusForge.App.csproj", "{4AC5E52E-9D0F-4BB2-B749-96B6A7E72BB1}"
EndProject
Project("{2150E333-8FDC-42A3-9474-1A3956D46DE8}") = "src", "src", "{B6F78456-623C-46D2-9E90-E5F0D8DBB831}"
EndProject
Project("{FAE04EC0-301F-11D3-BF4B-00C04F79EFBC}") = "FocusForge.Agent", "src\FocusForge.Agent\FocusForge.Agent.csproj", "{55E2D6E5-0A9A-4203-B79B-58D535ACAE5D}"
EndProject
Global
	GlobalSection(SolutionConfigurationPlatforms) = preSolution
		Debug|Any CPU = Debug|Any CPU
		Release|Any CPU = Release|Any CPU
	EndGlobalSection
	GlobalSection(ProjectConfigurationPlatforms) = postSolution
		{4AC5E52E-9D0F-4BB2-B749-96B6A7E72BB1}.Debug|Any CPU.ActiveCfg = Debug|Any CPU
		{4AC5E52E-9D0F-4BB2-B749-96B6A7E72BB1}.Debug|Any CPU.Build.0 = Debug|Any CPU
		{4AC5E52E-9D0F-4BB2-B749-96B6A7E72BB1}.Release|Any CPU.ActiveCfg = Release|Any CPU
		{4AC5E52E-9D0F-4BB2-B749-96B6A7E72BB1}.Release|Any CPU.Build.0 = Release|Any CPU
		{55E2D6E5-0A9A-4203-B79B-58D535ACAE5D}.Debug|Any CPU.ActiveCfg = Debug|Any CPU
		{55E2D6E5-0A9A-4203-B79B-58D535ACAE5D}.Debug|Any CPU.Build.0 = Debug|Any CPU
		{55E2D6E5-0A9A-4203-B79B-58D535ACAE5D}.Release|Any CPU.ActiveCfg = Release|Any CPU
		{55E2D6E5-0A9A-4203-B79B-58D535ACAE5D}.Release|Any CPU.Build.0 = Release|Any CPU
	EndGlobalSection
	GlobalSection(NestedProjects) = preSolution
		{55E2D6E5-0A9A-4203-B79B-58D535ACAE5D} = {B6F78456-623C-46D2-9E90-E5F0D8DBB831}
	EndGlobalSection
EndGlobal
